
Microsoft Visual Studio Solution File, Format Version 12.00
# Visual Studio Version 17
VisualStudioVersion = 17.3.32825.248
MinimumVisualStudioVersion = 10.0.40219.1
Project("{9A19103F-16F7-4668-BE54-9A1E7A4F7556}") = "Confectionery", "Confectionery\Confectionery.csproj", "{7B75620D-9ECD-4175-8E35-D31CEC904A4B}"
EndProject
Project("{9A19103F-16F7-4668-BE54-9A1E7A4F7556}") = "ConfectioneryDataModels", "ConfectioneryDataModels\ConfectioneryDataModels.csproj", "{22A053DC-3DC2-4375-9563-BF647A1092A4}"
EndProject
Project("{9A19103F-16F7-4668-BE54-9A1E7A4F7556}") = "ConfectioneryContracts", "ConfectioneryContracts\ConfectioneryContracts.csproj", "{6C4950D1-D788-4D5A-8C15-0A376274F2DD}"
EndProject
Project("{9A19103F-16F7-4668-BE54-9A1E7A4F7556}") = "ConfectioneryBusinessLogic", "ConfectioneryBusinessLogic\ConfectioneryBusinessLogic.csproj", "{30F4AE5A-2C90-4C7F-BBE9-2FA56BE26C63}"
EndProject
Project("{9A19103F-16F7-4668-BE54-9A1E7A4F7556}") = "ConfectioneryListImplement", "ConfectioneryListImplement\ConfectioneryListImplement.csproj", "{85992074-656D-4F79-AB23-60DE4F9ABF30}"
EndProject
Project("{FAE04EC0-301F-11D3-BF4B-00C04F79EFBC}") = "ConfectioneryFileImplement", "ConfectioneryFileImplements\ConfectioneryFileImplement.csproj", "{48A8592F-EF58-4FC4-9C9E-B401836FF21E}"
EndProject
Global
	GlobalSection(SolutionConfigurationPlatforms) = preSolution
		Debug|Any CPU = Debug|Any CPU
		Release|Any CPU = Release|Any CPU
	EndGlobalSection
	GlobalSection(ProjectConfigurationPlatforms) = postSolution
		{7B75620D-9ECD-4175-8E35-D31CEC904A4B}.Debug|Any CPU.ActiveCfg = Debug|Any CPU
		{7B75620D-9ECD-4175-8E35-D31CEC904A4B}.Debug|Any CPU.Build.0 = Debug|Any CPU
		{7B75620D-9ECD-4175-8E35-D31CEC904A4B}.Release|Any CPU.ActiveCfg = Release|Any CPU
		{7B75620D-9ECD-4175-8E35-D31CEC904A4B}.Release|Any CPU.Build.0 = Release|Any CPU
		{22A053DC-3DC2-4375-9563-BF647A1092A4}.Debug|Any CPU.ActiveCfg = Debug|Any CPU
		{22A053DC-3DC2-4375-9563-BF647A1092A4}.Debug|Any CPU.Build.0 = Debug|Any CPU
		{22A053DC-3DC2-4375-9563-BF647A1092A4}.Release|Any CPU.ActiveCfg = Release|Any CPU
		{22A053DC-3DC2-4375-9563-BF647A1092A4}.Release|Any CPU.Build.0 = Release|Any CPU
		{6C4950D1-D788-4D5A-8C15-0A376274F2DD}.Debug|Any CPU.ActiveCfg = Debug|Any CPU
		{6C4950D1-D788-4D5A-8C15-0A376274F2DD}.Debug|Any CPU.Build.0 = Debug|Any CPU
		{6C4950D1-D788-4D5A-8C15-0A376274F2DD}.Release|Any CPU.ActiveCfg = Release|Any CPU
		{6C4950D1-D788-4D5A-8C15-0A376274F2DD}.Release|Any CPU.Build.0 = Release|Any CPU
		{30F4AE5A-2C90-4C7F-BBE9-2FA56BE26C63}.Debug|Any CPU.ActiveCfg = Debug|Any CPU
		{30F4AE5A-2C90-4C7F-BBE9-2FA56BE26C63}.Debug|Any CPU.Build.0 = Debug|Any CPU
		{30F4AE5A-2C90-4C7F-BBE9-2FA56BE26C63}.Release|Any CPU.ActiveCfg = Release|Any CPU
		{30F4AE5A-2C90-4C7F-BBE9-2FA56BE26C63}.Release|Any CPU.Build.0 = Release|Any CPU
		{85992074-656D-4F79-AB23-60DE4F9ABF30}.Debug|Any CPU.ActiveCfg = Debug|Any CPU
		{85992074-656D-4F79-AB23-60DE4F9ABF30}.Debug|Any CPU.Build.0 = Debug|Any CPU
		{85992074-656D-4F79-AB23-60DE4F9ABF30}.Release|Any CPU.ActiveCfg = Release|Any CPU
		{85992074-656D-4F79-AB23-60DE4F9ABF30}.Release|Any CPU.Build.0 = Release|Any CPU
		{48A8592F-EF58-4FC4-9C9E-B401836FF21E}.Debug|Any CPU.ActiveCfg = Debug|Any CPU
		{48A8592F-EF58-4FC4-9C9E-B401836FF21E}.Debug|Any CPU.Build.0 = Debug|Any CPU
		{48A8592F-EF58-4FC4-9C9E-B401836FF21E}.Release|Any CPU.ActiveCfg = Release|Any CPU
		{48A8592F-EF58-4FC4-9C9E-B401836FF21E}.Release|Any CPU.Build.0 = Release|Any CPU
	EndGlobalSection
	GlobalSection(SolutionProperties) = preSolution
		HideSolutionNode = FALSE
	EndGlobalSection
	GlobalSection(ExtensibilityGlobals) = postSolution
		SolutionGuid = {699E016D-D540-4ED0-A1F8-F6653CC4540D}
	EndGlobalSection
EndGlobal
